
Microsoft Visual Studio Solution File, Format Version 12.00
# Visual Studio Version 17
VisualStudioVersion = 17.3.32929.385
MinimumVisualStudioVersion = 10.0.40219.1
Project("{FAE04EC0-301F-11D3-BF4B-00C04F79EFBC}") = "SistemaDivisas1.0.0", "SistemaDivisas1.0.0\SistemaDivisas1.0.0.csproj", "{A5138619-4550-4760-A98C-9F7756FDF85E}"
EndProject
Global
	GlobalSection(SolutionConfigurationPlatforms) = preSolution
		Debug|Any CPU = Debug|Any CPU
		Release|Any CPU = Release|Any CPU
	EndGlobalSection
	GlobalSection(ProjectConfigurationPlatforms) = postSolution
		{A5138619-4550-4760-A98C-9F7756FDF85E}.Debug|Any CPU.ActiveCfg = Debug|Any CPU
		{A5138619-4550-4760-A98C-9F7756FDF85E}.Debug|Any CPU.Build.0 = Debug|Any CPU
		{A5138619-4550-4760-A98C-9F7756FDF85E}.Release|Any CPU.ActiveCfg = Release|Any CPU
		{A5138619-4550-4760-A98C-9F7756FDF85E}.Release|Any CPU.Build.0 = Release|Any CPU
	EndGlobalSection
	GlobalSection(SolutionProperties) = preSolution
		HideSolutionNode = FALSE
	EndGlobalSection
	GlobalSection(ExtensibilityGlobals) = postSolution
		SolutionGuid = {C319F74E-D2AC-438A-9DC6-CB91E77CD218}
	EndGlobalSection
EndGlobal
